// !$*UTF8*$!
{
	archiveVersion = 1;
	classes = {
	};
	objectVersion = 51;
	objects = {

/* Begin PBXBuildFile section */
		3A8079B519B64497324F2163 /* Pods_my_sibgu.framework in Frameworks */ = {isa = PBXBuildFile; fileRef = 816E241BBA66CAC9F35E0F3F /* Pods_my_sibgu.framework */; };
		4A07DD85255D89020022B6A9 /* AppDelegate.swift in Sources */ = {isa = PBXBuildFile; fileRef = 4A07DD84255D89020022B6A9 /* AppDelegate.swift */; };
		4A07DD87255D89020022B6A9 /* SceneDelegate.swift in Sources */ = {isa = PBXBuildFile; fileRef = 4A07DD86255D89020022B6A9 /* SceneDelegate.swift */; };
		4A07DD8C255D89020022B6A9 /* Main.storyboard in Resources */ = {isa = PBXBuildFile; fileRef = 4A07DD8A255D89020022B6A9 /* Main.storyboard */; };
		4A07DD8E255D89050022B6A9 /* Assets.xcassets in Resources */ = {isa = PBXBuildFile; fileRef = 4A07DD8D255D89050022B6A9 /* Assets.xcassets */; };
		4A07DD91255D89050022B6A9 /* LaunchScreen.storyboard in Resources */ = {isa = PBXBuildFile; fileRef = 4A07DD8F255D89050022B6A9 /* LaunchScreen.storyboard */; };
		4A07DDA0255D943F0022B6A9 /* GroupLesson.swift in Sources */ = {isa = PBXBuildFile; fileRef = 4A07DD9F255D943F0022B6A9 /* GroupLesson.swift */; };
		4A07DDA4255D94800022B6A9 /* GroupDay.swift in Sources */ = {isa = PBXBuildFile; fileRef = 4A07DDA3255D94800022B6A9 /* GroupDay.swift */; };
		4A07DDA7255D94960022B6A9 /* GroupWeek.swift in Sources */ = {isa = PBXBuildFile; fileRef = 4A07DDA6255D94960022B6A9 /* GroupWeek.swift */; };
		4A07DDAA255D94AD0022B6A9 /* GroupTimetable.swift in Sources */ = {isa = PBXBuildFile; fileRef = 4A07DDA9255D94AC0022B6A9 /* GroupTimetable.swift */; };
		4A07DDB0255D95DE0022B6A9 /* RGroup.swift in Sources */ = {isa = PBXBuildFile; fileRef = 4A07DDAF255D95DE0022B6A9 /* RGroup.swift */; };
		4A07DDB7255D966A0022B6A9 /* Realm+CascadeDeleting.swift in Sources */ = {isa = PBXBuildFile; fileRef = 4A07DDB6255D966A0022B6A9 /* Realm+CascadeDeleting.swift */; };
		4A07DDBA255D96B70022B6A9 /* RGroup+newObject.swift in Sources */ = {isa = PBXBuildFile; fileRef = 4A07DDB9255D96B70022B6A9 /* RGroup+newObject.swift */; };
		4A07DDC5255D9EDF0022B6A9 /* RGroupLesson.swift in Sources */ = {isa = PBXBuildFile; fileRef = 4A07DDC4255D9EDF0022B6A9 /* RGroupLesson.swift */; };
		4A07DDC8255D9EFD0022B6A9 /* RGroupDay.swift in Sources */ = {isa = PBXBuildFile; fileRef = 4A07DDC7255D9EFD0022B6A9 /* RGroupDay.swift */; };
		4A07DDCB255D9F190022B6A9 /* RGroupWeek.swift in Sources */ = {isa = PBXBuildFile; fileRef = 4A07DDCA255D9F190022B6A9 /* RGroupWeek.swift */; };
		4A07DDCE255D9F2B0022B6A9 /* RGroupTimetable.swift in Sources */ = {isa = PBXBuildFile; fileRef = 4A07DDCD255D9F2B0022B6A9 /* RGroupTimetable.swift */; };
		4A07DDD3255DA0640022B6A9 /* String+capitalizinFirstLetter.swift in Sources */ = {isa = PBXBuildFile; fileRef = 4A07DDD2255DA0640022B6A9 /* String+capitalizinFirstLetter.swift */; };
		4A07DDD6255DA08B0022B6A9 /* Translator.swift in Sources */ = {isa = PBXBuildFile; fileRef = 4A07DDD5255DA08B0022B6A9 /* Translator.swift */; };
		4A07DDD9255DA0D90022B6A9 /* DataManager.swift in Sources */ = {isa = PBXBuildFile; fileRef = 4A07DDD8255DA0D90022B6A9 /* DataManager.swift */; };
		4A07DDE0255DA3750022B6A9 /* EntityType.swift in Sources */ = {isa = PBXBuildFile; fileRef = 4A07DDDF255DA3750022B6A9 /* EntityType.swift */; };
		4A07DDE5255DA3B70022B6A9 /* ApiTimetable.swift in Sources */ = {isa = PBXBuildFile; fileRef = 4A07DDE4255DA3B70022B6A9 /* ApiTimetable.swift */; };
		4A07DDE9255DA4310022B6A9 /* GroupResponse.swift in Sources */ = {isa = PBXBuildFile; fileRef = 4A07DDE8255DA4310022B6A9 /* GroupResponse.swift */; };
		4A07DDED255DA4450022B6A9 /* GroupTimetableResponse.swift in Sources */ = {isa = PBXBuildFile; fileRef = 4A07DDEC255DA4450022B6A9 /* GroupTimetableResponse.swift */; };
		4A07DDF2255DA4E10022B6A9 /* ResponseTranslator.swift in Sources */ = {isa = PBXBuildFile; fileRef = 4A07DDF1255DA4E10022B6A9 /* ResponseTranslator.swift */; };
		4A07DDF5255DA5330022B6A9 /* DownloadOperation.swift in Sources */ = {isa = PBXBuildFile; fileRef = 4A07DDF4255DA5330022B6A9 /* DownloadOperation.swift */; };
		4A07DDFD255DA58F0022B6A9 /* ApiTimetableService.swift in Sources */ = {isa = PBXBuildFile; fileRef = 4A07DDFC255DA58F0022B6A9 /* ApiTimetableService.swift */; };
		4A07DE00255DA5E20022B6A9 /* TimetableResponseHandler.swift in Sources */ = {isa = PBXBuildFile; fileRef = 4A07DDFF255DA5E20022B6A9 /* TimetableResponseHandler.swift */; };
		4A07DE05255DA6740022B6A9 /* UserDefaultsWrapper.swift in Sources */ = {isa = PBXBuildFile; fileRef = 4A07DE04255DA6740022B6A9 /* UserDefaultsWrapper.swift */; };
		4A07DE08255DA68E0022B6A9 /* UserDefaultsConfig.swift in Sources */ = {isa = PBXBuildFile; fileRef = 4A07DE07255DA68E0022B6A9 /* UserDefaultsConfig.swift */; };
		4A21AA42257AA0EF00BA203A /* InstituteTableViewCell.swift in Sources */ = {isa = PBXBuildFile; fileRef = 4A21AA41257AA0EF00BA203A /* InstituteTableViewCell.swift */; };
		4A238C00257AC25100CB861E /* ImageLoader.swift in Sources */ = {isa = PBXBuildFile; fileRef = 4A238BFF257AC25100CB861E /* ImageLoader.swift */; };
		4A238C03257AC73200CB861E /* UIImageLoader.swift in Sources */ = {isa = PBXBuildFile; fileRef = 4A238C02257AC73200CB861E /* UIImageLoader.swift */; };
		4A238C06257AC9B500CB861E /* UIImageView+loadImage.swift in Sources */ = {isa = PBXBuildFile; fileRef = 4A238C05257AC9B500CB861E /* UIImageView+loadImage.swift */; };
		4A238C10257B5C6600CB861E /* PersonViewController.swift in Sources */ = {isa = PBXBuildFile; fileRef = 4A238C0F257B5C6600CB861E /* PersonViewController.swift */; };
		4A238C16257B74F700CB861E /* CenterLabelView.swift in Sources */ = {isa = PBXBuildFile; fileRef = 4A238C15257B74F700CB861E /* CenterLabelView.swift */; };
		4A27A860255EE79D0018186B /* Group.swift in Sources */ = {isa = PBXBuildFile; fileRef = 4A27A85F255EE79D0018186B /* Group.swift */; };
		4A27A867255F088E0018186B /* ApiUniversityInfo.swift in Sources */ = {isa = PBXBuildFile; fileRef = 4A27A866255F088E0018186B /* ApiUniversityInfo.swift */; };
		4A27A86B255F09230018186B /* UniversityInfoService.swift in Sources */ = {isa = PBXBuildFile; fileRef = 4A27A86A255F09230018186B /* UniversityInfoService.swift */; };
		4A3149F6257249ED00FB7FC2 /* AnimatingNetworkProtocol.swift in Sources */ = {isa = PBXBuildFile; fileRef = 4A3149F5257249ED00FB7FC2 /* AnimatingNetworkProtocol.swift */; };
		4A3149F925724DE300FB7FC2 /* GroupSubgroupView.xib in Resources */ = {isa = PBXBuildFile; fileRef = 4A3149F825724DE300FB7FC2 /* GroupSubgroupView.xib */; };
		4A3149FC257255AD00FB7FC2 /* LessonDayView.swift in Sources */ = {isa = PBXBuildFile; fileRef = 4A3149FB257255AD00FB7FC2 /* LessonDayView.swift */; };
		4A314A002572CA5F00FB7FC2 /* DateTimeService.swift in Sources */ = {isa = PBXBuildFile; fileRef = 4A3149FF2572CA5F00FB7FC2 /* DateTimeService.swift */; };
		4A314A082572D80700FB7FC2 /* WeekViewController.swift in Sources */ = {isa = PBXBuildFile; fileRef = 4A314A072572D80700FB7FC2 /* WeekViewController.swift */; };
		4A314A0B2572DFFF00FB7FC2 /* UIScrollView+scrollTo.swift in Sources */ = {isa = PBXBuildFile; fileRef = 4A314A0A2572DFFF00FB7FC2 /* UIScrollView+scrollTo.swift */; };
		4A42A5102578F79300283459 /* ControlTimetableDelegate.swift in Sources */ = {isa = PBXBuildFile; fileRef = 4A42A50F2578F79300283459 /* ControlTimetableDelegate.swift */; };
		4A42A5142578F7BF00283459 /* ShowingTimetableViewController.swift in Sources */ = {isa = PBXBuildFile; fileRef = 4A42A5132578F7BF00283459 /* ShowingTimetableViewController.swift */; };
		4A42A518257944D500283459 /* BuildingTableViewCell.swift in Sources */ = {isa = PBXBuildFile; fileRef = 4A42A517257944D500283459 /* BuildingTableViewCell.swift */; };
		4A436416255E85C400C11E03 /* TimetableService.swift in Sources */ = {isa = PBXBuildFile; fileRef = 4A436415255E85C400C11E03 /* TimetableService.swift */; };
		4A54F5622599E69700184BC0 /* DepartmentsViewController.swift in Sources */ = {isa = PBXBuildFile; fileRef = 4A54F5612599E69700184BC0 /* DepartmentsViewController.swift */; };
		4A54F5652599E6EB00184BC0 /* DepartmentTableViewCell.swift in Sources */ = {isa = PBXBuildFile; fileRef = 4A54F5642599E6EB00184BC0 /* DepartmentTableViewCell.swift */; };
		4A54F5682599EF9000184BC0 /* DepartmentView.swift in Sources */ = {isa = PBXBuildFile; fileRef = 4A54F5672599EF9000184BC0 /* DepartmentView.swift */; };
		4A54F56B259A033600184BC0 /* CopyableLabel.swift in Sources */ = {isa = PBXBuildFile; fileRef = 4A54F56A259A033600184BC0 /* CopyableLabel.swift */; };
		4A5A16462574EEF100F5D652 /* SubgroupType.swift in Sources */ = {isa = PBXBuildFile; fileRef = 4A5A16452574EEF100F5D652 /* SubgroupType.swift */; };
		4A5A16492574F25D00F5D652 /* UIColor+hex.swift in Sources */ = {isa = PBXBuildFile; fileRef = 4A5A16482574F25D00F5D652 /* UIColor+hex.swift */; };
		4A5A164C2574F6DB00F5D652 /* DateFormatter+shortDateFormatter.swift in Sources */ = {isa = PBXBuildFile; fileRef = 4A5A164B2574F6DB00F5D652 /* DateFormatter+shortDateFormatter.swift */; };
		4A5C3EF72576B2DC00E3FFB0 /* ContainerTimetableViewController.swift in Sources */ = {isa = PBXBuildFile; fileRef = 4A5C3EF62576B2DC00E3FFB0 /* ContainerTimetableViewController.swift */; };
		4A75819A25755DD0006C1F6C /* AlertingViewController.swift in Sources */ = {isa = PBXBuildFile; fileRef = 4A75819925755DD0006C1F6C /* AlertingViewController.swift */; };
		4A75819E25755FBB006C1F6C /* AlertView.swift in Sources */ = {isa = PBXBuildFile; fileRef = 4A75819D25755FBB006C1F6C /* AlertView.swift */; };
		4A7A56E7256BF4F100E2CE0F /* EventsViewController.swift in Sources */ = {isa = PBXBuildFile; fileRef = 4A7A56E6256BF4F100E2CE0F /* EventsViewController.swift */; };
		4A7A56EA256BF52000E2CE0F /* BuildingsViewController.swift in Sources */ = {isa = PBXBuildFile; fileRef = 4A7A56E9256BF52000E2CE0F /* BuildingsViewController.swift */; };
		4A7A56ED256BF53600E2CE0F /* TimetableViewController.swift in Sources */ = {isa = PBXBuildFile; fileRef = 4A7A56EC256BF53600E2CE0F /* TimetableViewController.swift */; };
		4A7A56F0256BF57B00E2CE0F /* InstitutionsViewController.swift in Sources */ = {isa = PBXBuildFile; fileRef = 4A7A56EF256BF57B00E2CE0F /* InstitutionsViewController.swift */; };
		4A7A56F3256BF5BF00E2CE0F /* UnionsViewController.swift in Sources */ = {isa = PBXBuildFile; fileRef = 4A7A56F2256BF5BF00E2CE0F /* UnionsViewController.swift */; };
		4A7A56F9256C017500E2CE0F /* UIView+shadow.swift in Sources */ = {isa = PBXBuildFile; fileRef = 4A7A56F8256C017500E2CE0F /* UIView+shadow.swift */; };
		4A91D6892573CB3F00EA1E47 /* Common.swift in Sources */ = {isa = PBXBuildFile; fileRef = 4A91D6882573CB3F00EA1E47 /* Common.swift */; };
		4A91D68D2573D82700EA1E47 /* Date+Extensions.swift in Sources */ = {isa = PBXBuildFile; fileRef = 4A91D68C2573D82700EA1E47 /* Date+Extensions.swift */; };
		4AB0222B257B88A700F1EF25 /* ImageAndLabelView.swift in Sources */ = {isa = PBXBuildFile; fileRef = 4AB0222A257B88A700F1EF25 /* ImageAndLabelView.swift */; };
		4AB027482570FFE700974D08 /* Colors.swift in Sources */ = {isa = PBXBuildFile; fileRef = 4AB027472570FFE700974D08 /* Colors.swift */; };
		4AE3431D2598D25100AB368C /* ImageAndLabelButton.swift in Sources */ = {isa = PBXBuildFile; fileRef = 4AE3431C2598D25100AB368C /* ImageAndLabelButton.swift */; };
		4AE343212598DA1700AB368C /* InstitutionPageViewController.swift in Sources */ = {isa = PBXBuildFile; fileRef = 4AE343202598DA1700AB368C /* InstitutionPageViewController.swift */; };
		4AEBE6D525637700005F6CBE /* Building.swift in Sources */ = {isa = PBXBuildFile; fileRef = 4AEBE6D425637700005F6CBE /* Building.swift */; };
		4AEBE6DF25637977005F6CBE /* Institute.swift in Sources */ = {isa = PBXBuildFile; fileRef = 4AEBE6DE25637977005F6CBE /* Institute.swift */; };
		4AEBE6E325637B41005F6CBE /* Institute+Director.swift in Sources */ = {isa = PBXBuildFile; fileRef = 4AEBE6E225637B41005F6CBE /* Institute+Director.swift */; };
		4AEBE6E625637B6C005F6CBE /* Institute+Departmetn.swift in Sources */ = {isa = PBXBuildFile; fileRef = 4AEBE6E525637B6C005F6CBE /* Institute+Departmetn.swift */; };
		4AEBE6E925637BC1005F6CBE /* Institute+Soviet.swift in Sources */ = {isa = PBXBuildFile; fileRef = 4AEBE6E825637BC1005F6CBE /* Institute+Soviet.swift */; };
		4AEBE6EC25637BF9005F6CBE /* Union.swift in Sources */ = {isa = PBXBuildFile; fileRef = 4AEBE6EB25637BF9005F6CBE /* Union.swift */; };
		4AEBE6EF25637DE9005F6CBE /* Event.swift in Sources */ = {isa = PBXBuildFile; fileRef = 4AEBE6EE25637DE9005F6CBE /* Event.swift */; };
		4AEBE6F225637F7C005F6CBE /* Event+Link.swift in Sources */ = {isa = PBXBuildFile; fileRef = 4AEBE6F125637F7C005F6CBE /* Event+Link.swift */; };
		4AEBE6F625639388005F6CBE /* union.json in Resources */ = {isa = PBXBuildFile; fileRef = 4AEBE6F525639388005F6CBE /* union.json */; };
		4AEE17FE256E97C400DD7D9F /* TimetableSearchViewController.swift in Sources */ = {isa = PBXBuildFile; fileRef = 4AEE17FD256E97C400DD7D9F /* TimetableSearchViewController.swift */; };
		4AEE1804256EB44600DD7D9F /* LessonView.swift in Sources */ = {isa = PBXBuildFile; fileRef = 4AEE1803256EB44600DD7D9F /* LessonView.swift */; };
		4AEE1808256EB48500DD7D9F /* UIStackVIew+removeAllArrangedSubviews.swift in Sources */ = {isa = PBXBuildFile; fileRef = 4AEE1807256EB48500DD7D9F /* UIStackVIew+removeAllArrangedSubviews.swift */; };
		4AEE180C256EB73100DD7D9F /* GroupSubgroupVIew.swift in Sources */ = {isa = PBXBuildFile; fileRef = 4AEE180B256EB73100DD7D9F /* GroupSubgroupVIew.swift */; };
		4AEE181325700B1900DD7D9F /* UINavigationController+configurateNavigationBar.swift in Sources */ = {isa = PBXBuildFile; fileRef = 4AEE181225700B1900DD7D9F /* UINavigationController+configurateNavigationBar.swift */; };
		4AEE181B2570116000DD7D9F /* UINavigationItem+configurate.swift in Sources */ = {isa = PBXBuildFile; fileRef = 4AEE181A2570116000DD7D9F /* UINavigationItem+configurate.swift */; };
		4AEE181F2570203100DD7D9F /* PopableViewController.swift in Sources */ = {isa = PBXBuildFile; fileRef = 4AEE181E2570203100DD7D9F /* PopableViewController.swift */; };
/* End PBXBuildFile section */

/* Begin PBXFileReference section */
		4A07DD81255D89020022B6A9 /* my-sibgu.app */ = {isa = PBXFileReference; explicitFileType = wrapper.application; includeInIndex = 0; path = "my-sibgu.app"; sourceTree = BUILT_PRODUCTS_DIR; };
		4A07DD84255D89020022B6A9 /* AppDelegate.swift */ = {isa = PBXFileReference; lastKnownFileType = sourcecode.swift; path = AppDelegate.swift; sourceTree = "<group>"; };
		4A07DD86255D89020022B6A9 /* SceneDelegate.swift */ = {isa = PBXFileReference; lastKnownFileType = sourcecode.swift; path = SceneDelegate.swift; sourceTree = "<group>"; };
		4A07DD8B255D89020022B6A9 /* Base */ = {isa = PBXFileReference; lastKnownFileType = file.storyboard; name = Base; path = Base.lproj/Main.storyboard; sourceTree = "<group>"; };
		4A07DD8D255D89050022B6A9 /* Assets.xcassets */ = {isa = PBXFileReference; lastKnownFileType = folder.assetcatalog; path = Assets.xcassets; sourceTree = "<group>"; };
		4A07DD90255D89050022B6A9 /* Base */ = {isa = PBXFileReference; lastKnownFileType = file.storyboard; name = Base; path = Base.lproj/LaunchScreen.storyboard; sourceTree = "<group>"; };
		4A07DD92255D89050022B6A9 /* Info.plist */ = {isa = PBXFileReference; lastKnownFileType = text.plist.xml; path = Info.plist; sourceTree = "<group>"; };
		4A07DD9F255D943F0022B6A9 /* GroupLesson.swift */ = {isa = PBXFileReference; lastKnownFileType = sourcecode.swift; path = GroupLesson.swift; sourceTree = "<group>"; };
		4A07DDA3255D94800022B6A9 /* GroupDay.swift */ = {isa = PBXFileReference; lastKnownFileType = sourcecode.swift; path = GroupDay.swift; sourceTree = "<group>"; };
		4A07DDA6255D94960022B6A9 /* GroupWeek.swift */ = {isa = PBXFileReference; lastKnownFileType = sourcecode.swift; path = GroupWeek.swift; sourceTree = "<group>"; };
		4A07DDA9255D94AC0022B6A9 /* GroupTimetable.swift */ = {isa = PBXFileReference; lastKnownFileType = sourcecode.swift; path = GroupTimetable.swift; sourceTree = "<group>"; };
		4A07DDAF255D95DE0022B6A9 /* RGroup.swift */ = {isa = PBXFileReference; lastKnownFileType = sourcecode.swift; path = RGroup.swift; sourceTree = "<group>"; };
		4A07DDB6255D966A0022B6A9 /* Realm+CascadeDeleting.swift */ = {isa = PBXFileReference; lastKnownFileType = sourcecode.swift; path = "Realm+CascadeDeleting.swift"; sourceTree = "<group>"; };
		4A07DDB9255D96B70022B6A9 /* RGroup+newObject.swift */ = {isa = PBXFileReference; lastKnownFileType = sourcecode.swift; path = "RGroup+newObject.swift"; sourceTree = "<group>"; };
		4A07DDC4255D9EDF0022B6A9 /* RGroupLesson.swift */ = {isa = PBXFileReference; lastKnownFileType = sourcecode.swift; path = RGroupLesson.swift; sourceTree = "<group>"; };
		4A07DDC7255D9EFD0022B6A9 /* RGroupDay.swift */ = {isa = PBXFileReference; lastKnownFileType = sourcecode.swift; path = RGroupDay.swift; sourceTree = "<group>"; };
		4A07DDCA255D9F190022B6A9 /* RGroupWeek.swift */ = {isa = PBXFileReference; lastKnownFileType = sourcecode.swift; path = RGroupWeek.swift; sourceTree = "<group>"; };
		4A07DDCD255D9F2B0022B6A9 /* RGroupTimetable.swift */ = {isa = PBXFileReference; lastKnownFileType = sourcecode.swift; path = RGroupTimetable.swift; sourceTree = "<group>"; };
		4A07DDD2255DA0640022B6A9 /* String+capitalizinFirstLetter.swift */ = {isa = PBXFileReference; lastKnownFileType = sourcecode.swift; path = "String+capitalizinFirstLetter.swift"; sourceTree = "<group>"; };
		4A07DDD5255DA08B0022B6A9 /* Translator.swift */ = {isa = PBXFileReference; lastKnownFileType = sourcecode.swift; path = Translator.swift; sourceTree = "<group>"; };
		4A07DDD8255DA0D90022B6A9 /* DataManager.swift */ = {isa = PBXFileReference; lastKnownFileType = sourcecode.swift; path = DataManager.swift; sourceTree = "<group>"; };
		4A07DDDF255DA3750022B6A9 /* EntityType.swift */ = {isa = PBXFileReference; lastKnownFileType = sourcecode.swift; path = EntityType.swift; sourceTree = "<group>"; };
		4A07DDE4255DA3B70022B6A9 /* ApiTimetable.swift */ = {isa = PBXFileReference; lastKnownFileType = sourcecode.swift; path = ApiTimetable.swift; sourceTree = "<group>"; };
		4A07DDE8255DA4310022B6A9 /* GroupResponse.swift */ = {isa = PBXFileReference; lastKnownFileType = sourcecode.swift; path = GroupResponse.swift; sourceTree = "<group>"; };
		4A07DDEC255DA4450022B6A9 /* GroupTimetableResponse.swift */ = {isa = PBXFileReference; lastKnownFileType = sourcecode.swift; path = GroupTimetableResponse.swift; sourceTree = "<group>"; };
		4A07DDF1255DA4E10022B6A9 /* ResponseTranslator.swift */ = {isa = PBXFileReference; lastKnownFileType = sourcecode.swift; path = ResponseTranslator.swift; sourceTree = "<group>"; };
		4A07DDF4255DA5330022B6A9 /* DownloadOperation.swift */ = {isa = PBXFileReference; lastKnownFileType = sourcecode.swift; path = DownloadOperation.swift; sourceTree = "<group>"; };
		4A07DDFC255DA58F0022B6A9 /* ApiTimetableService.swift */ = {isa = PBXFileReference; lastKnownFileType = sourcecode.swift; path = ApiTimetableService.swift; sourceTree = "<group>"; };
		4A07DDFF255DA5E20022B6A9 /* TimetableResponseHandler.swift */ = {isa = PBXFileReference; lastKnownFileType = sourcecode.swift; path = TimetableResponseHandler.swift; sourceTree = "<group>"; };
		4A07DE04255DA6740022B6A9 /* UserDefaultsWrapper.swift */ = {isa = PBXFileReference; lastKnownFileType = sourcecode.swift; path = UserDefaultsWrapper.swift; sourceTree = "<group>"; };
		4A07DE07255DA68E0022B6A9 /* UserDefaultsConfig.swift */ = {isa = PBXFileReference; lastKnownFileType = sourcecode.swift; path = UserDefaultsConfig.swift; sourceTree = "<group>"; };
		4A21AA41257AA0EF00BA203A /* InstituteTableViewCell.swift */ = {isa = PBXFileReference; lastKnownFileType = sourcecode.swift; path = InstituteTableViewCell.swift; sourceTree = "<group>"; };
		4A238BFF257AC25100CB861E /* ImageLoader.swift */ = {isa = PBXFileReference; lastKnownFileType = sourcecode.swift; path = ImageLoader.swift; sourceTree = "<group>"; };
		4A238C02257AC73200CB861E /* UIImageLoader.swift */ = {isa = PBXFileReference; lastKnownFileType = sourcecode.swift; path = UIImageLoader.swift; sourceTree = "<group>"; };
		4A238C05257AC9B500CB861E /* UIImageView+loadImage.swift */ = {isa = PBXFileReference; lastKnownFileType = sourcecode.swift; path = "UIImageView+loadImage.swift"; sourceTree = "<group>"; };
		4A238C0F257B5C6600CB861E /* PersonViewController.swift */ = {isa = PBXFileReference; lastKnownFileType = sourcecode.swift; path = PersonViewController.swift; sourceTree = "<group>"; };
		4A238C15257B74F700CB861E /* CenterLabelView.swift */ = {isa = PBXFileReference; lastKnownFileType = sourcecode.swift; path = CenterLabelView.swift; sourceTree = "<group>"; };
		4A27A85F255EE79D0018186B /* Group.swift */ = {isa = PBXFileReference; lastKnownFileType = sourcecode.swift; path = Group.swift; sourceTree = "<group>"; };
		4A27A866255F088E0018186B /* ApiUniversityInfo.swift */ = {isa = PBXFileReference; lastKnownFileType = sourcecode.swift; path = ApiUniversityInfo.swift; sourceTree = "<group>"; };
		4A27A86A255F09230018186B /* UniversityInfoService.swift */ = {isa = PBXFileReference; lastKnownFileType = sourcecode.swift; path = UniversityInfoService.swift; sourceTree = "<group>"; };
		4A3149F5257249ED00FB7FC2 /* AnimatingNetworkProtocol.swift */ = {isa = PBXFileReference; lastKnownFileType = sourcecode.swift; path = AnimatingNetworkProtocol.swift; sourceTree = "<group>"; };
		4A3149F825724DE300FB7FC2 /* GroupSubgroupView.xib */ = {isa = PBXFileReference; lastKnownFileType = file.xib; path = GroupSubgroupView.xib; sourceTree = "<group>"; };
		4A3149FB257255AD00FB7FC2 /* LessonDayView.swift */ = {isa = PBXFileReference; lastKnownFileType = sourcecode.swift; path = LessonDayView.swift; sourceTree = "<group>"; };
		4A3149FF2572CA5F00FB7FC2 /* DateTimeService.swift */ = {isa = PBXFileReference; lastKnownFileType = sourcecode.swift; path = DateTimeService.swift; sourceTree = "<group>"; };
		4A314A072572D80700FB7FC2 /* WeekViewController.swift */ = {isa = PBXFileReference; lastKnownFileType = sourcecode.swift; path = WeekViewController.swift; sourceTree = "<group>"; };
		4A314A0A2572DFFF00FB7FC2 /* UIScrollView+scrollTo.swift */ = {isa = PBXFileReference; lastKnownFileType = sourcecode.swift; path = "UIScrollView+scrollTo.swift"; sourceTree = "<group>"; };
		4A42A50F2578F79300283459 /* ControlTimetableDelegate.swift */ = {isa = PBXFileReference; lastKnownFileType = sourcecode.swift; path = ControlTimetableDelegate.swift; sourceTree = "<group>"; };
		4A42A5132578F7BF00283459 /* ShowingTimetableViewController.swift */ = {isa = PBXFileReference; lastKnownFileType = sourcecode.swift; path = ShowingTimetableViewController.swift; sourceTree = "<group>"; };
		4A42A517257944D500283459 /* BuildingTableViewCell.swift */ = {isa = PBXFileReference; lastKnownFileType = sourcecode.swift; path = BuildingTableViewCell.swift; sourceTree = "<group>"; };
		4A436415255E85C400C11E03 /* TimetableService.swift */ = {isa = PBXFileReference; lastKnownFileType = sourcecode.swift; path = TimetableService.swift; sourceTree = "<group>"; };
		4A54F5612599E69700184BC0 /* DepartmentsViewController.swift */ = {isa = PBXFileReference; lastKnownFileType = sourcecode.swift; path = DepartmentsViewController.swift; sourceTree = "<group>"; };
		4A54F5642599E6EB00184BC0 /* DepartmentTableViewCell.swift */ = {isa = PBXFileReference; lastKnownFileType = sourcecode.swift; path = DepartmentTableViewCell.swift; sourceTree = "<group>"; };
		4A54F5672599EF9000184BC0 /* DepartmentView.swift */ = {isa = PBXFileReference; lastKnownFileType = sourcecode.swift; path = DepartmentView.swift; sourceTree = "<group>"; };
		4A54F56A259A033600184BC0 /* CopyableLabel.swift */ = {isa = PBXFileReference; lastKnownFileType = sourcecode.swift; path = CopyableLabel.swift; sourceTree = "<group>"; };
		4A5A16452574EEF100F5D652 /* SubgroupType.swift */ = {isa = PBXFileReference; lastKnownFileType = sourcecode.swift; path = SubgroupType.swift; sourceTree = "<group>"; };
		4A5A16482574F25D00F5D652 /* UIColor+hex.swift */ = {isa = PBXFileReference; lastKnownFileType = sourcecode.swift; path = "UIColor+hex.swift"; sourceTree = "<group>"; };
		4A5A164B2574F6DB00F5D652 /* DateFormatter+shortDateFormatter.swift */ = {isa = PBXFileReference; lastKnownFileType = sourcecode.swift; path = "DateFormatter+shortDateFormatter.swift"; sourceTree = "<group>"; };
		4A5C3EF62576B2DC00E3FFB0 /* ContainerTimetableViewController.swift */ = {isa = PBXFileReference; lastKnownFileType = sourcecode.swift; path = ContainerTimetableViewController.swift; sourceTree = "<group>"; };
		4A75819925755DD0006C1F6C /* AlertingViewController.swift */ = {isa = PBXFileReference; lastKnownFileType = sourcecode.swift; path = AlertingViewController.swift; sourceTree = "<group>"; };
		4A75819D25755FBB006C1F6C /* AlertView.swift */ = {isa = PBXFileReference; lastKnownFileType = sourcecode.swift; path = AlertView.swift; sourceTree = "<group>"; };
		4A7A56E6256BF4F100E2CE0F /* EventsViewController.swift */ = {isa = PBXFileReference; lastKnownFileType = sourcecode.swift; path = EventsViewController.swift; sourceTree = "<group>"; };
		4A7A56E9256BF52000E2CE0F /* BuildingsViewController.swift */ = {isa = PBXFileReference; lastKnownFileType = sourcecode.swift; path = BuildingsViewController.swift; sourceTree = "<group>"; };
		4A7A56EC256BF53600E2CE0F /* TimetableViewController.swift */ = {isa = PBXFileReference; lastKnownFileType = sourcecode.swift; path = TimetableViewController.swift; sourceTree = "<group>"; };
		4A7A56EF256BF57B00E2CE0F /* InstitutionsViewController.swift */ = {isa = PBXFileReference; lastKnownFileType = sourcecode.swift; path = InstitutionsViewController.swift; sourceTree = "<group>"; };
		4A7A56F2256BF5BF00E2CE0F /* UnionsViewController.swift */ = {isa = PBXFileReference; lastKnownFileType = sourcecode.swift; path = UnionsViewController.swift; sourceTree = "<group>"; };
		4A7A56F8256C017500E2CE0F /* UIView+shadow.swift */ = {isa = PBXFileReference; lastKnownFileType = sourcecode.swift; path = "UIView+shadow.swift"; sourceTree = "<group>"; };
		4A91D6882573CB3F00EA1E47 /* Common.swift */ = {isa = PBXFileReference; lastKnownFileType = sourcecode.swift; path = Common.swift; sourceTree = "<group>"; };
		4A91D68C2573D82700EA1E47 /* Date+Extensions.swift */ = {isa = PBXFileReference; lastKnownFileType = sourcecode.swift; path = "Date+Extensions.swift"; sourceTree = "<group>"; };
		4AB0222A257B88A700F1EF25 /* ImageAndLabelView.swift */ = {isa = PBXFileReference; lastKnownFileType = sourcecode.swift; path = ImageAndLabelView.swift; sourceTree = "<group>"; };
		4AB027472570FFE700974D08 /* Colors.swift */ = {isa = PBXFileReference; lastKnownFileType = sourcecode.swift; path = Colors.swift; sourceTree = "<group>"; };
		4AE3431C2598D25100AB368C /* ImageAndLabelButton.swift */ = {isa = PBXFileReference; lastKnownFileType = sourcecode.swift; path = ImageAndLabelButton.swift; sourceTree = "<group>"; };
		4AE343202598DA1700AB368C /* InstitutionPageViewController.swift */ = {isa = PBXFileReference; lastKnownFileType = sourcecode.swift; path = InstitutionPageViewController.swift; sourceTree = "<group>"; };
		4AEBE6D425637700005F6CBE /* Building.swift */ = {isa = PBXFileReference; lastKnownFileType = sourcecode.swift; path = Building.swift; sourceTree = "<group>"; };
		4AEBE6DE25637977005F6CBE /* Institute.swift */ = {isa = PBXFileReference; lastKnownFileType = sourcecode.swift; path = Institute.swift; sourceTree = "<group>"; };
		4AEBE6E225637B41005F6CBE /* Institute+Director.swift */ = {isa = PBXFileReference; lastKnownFileType = sourcecode.swift; path = "Institute+Director.swift"; sourceTree = "<group>"; };
		4AEBE6E525637B6C005F6CBE /* Institute+Departmetn.swift */ = {isa = PBXFileReference; lastKnownFileType = sourcecode.swift; path = "Institute+Departmetn.swift"; sourceTree = "<group>"; };
		4AEBE6E825637BC1005F6CBE /* Institute+Soviet.swift */ = {isa = PBXFileReference; lastKnownFileType = sourcecode.swift; path = "Institute+Soviet.swift"; sourceTree = "<group>"; };
		4AEBE6EB25637BF9005F6CBE /* Union.swift */ = {isa = PBXFileReference; lastKnownFileType = sourcecode.swift; path = Union.swift; sourceTree = "<group>"; };
		4AEBE6EE25637DE9005F6CBE /* Event.swift */ = {isa = PBXFileReference; lastKnownFileType = sourcecode.swift; path = Event.swift; sourceTree = "<group>"; };
		4AEBE6F125637F7C005F6CBE /* Event+Link.swift */ = {isa = PBXFileReference; lastKnownFileType = sourcecode.swift; path = "Event+Link.swift"; sourceTree = "<group>"; };
		4AEBE6F525639388005F6CBE /* union.json */ = {isa = PBXFileReference; lastKnownFileType = text.json; path = union.json; sourceTree = "<group>"; };
		4AEE17FD256E97C400DD7D9F /* TimetableSearchViewController.swift */ = {isa = PBXFileReference; lastKnownFileType = sourcecode.swift; path = TimetableSearchViewController.swift; sourceTree = "<group>"; };
		4AEE1803256EB44600DD7D9F /* LessonView.swift */ = {isa = PBXFileReference; lastKnownFileType = sourcecode.swift; path = LessonView.swift; sourceTree = "<group>"; };
		4AEE1807256EB48500DD7D9F /* UIStackVIew+removeAllArrangedSubviews.swift */ = {isa = PBXFileReference; lastKnownFileType = sourcecode.swift; path = "UIStackVIew+removeAllArrangedSubviews.swift"; sourceTree = "<group>"; };
		4AEE180B256EB73100DD7D9F /* GroupSubgroupVIew.swift */ = {isa = PBXFileReference; lastKnownFileType = sourcecode.swift; path = GroupSubgroupVIew.swift; sourceTree = "<group>"; };
		4AEE181225700B1900DD7D9F /* UINavigationController+configurateNavigationBar.swift */ = {isa = PBXFileReference; lastKnownFileType = sourcecode.swift; path = "UINavigationController+configurateNavigationBar.swift"; sourceTree = "<group>"; };
		4AEE181A2570116000DD7D9F /* UINavigationItem+configurate.swift */ = {isa = PBXFileReference; lastKnownFileType = sourcecode.swift; path = "UINavigationItem+configurate.swift"; sourceTree = "<group>"; };
		4AEE181E2570203100DD7D9F /* PopableViewController.swift */ = {isa = PBXFileReference; lastKnownFileType = sourcecode.swift; path = PopableViewController.swift; sourceTree = "<group>"; };
		4D2AB9E38A8574D012B056D5 /* Pods-my-sibgu.release.xcconfig */ = {isa = PBXFileReference; includeInIndex = 1; lastKnownFileType = text.xcconfig; name = "Pods-my-sibgu.release.xcconfig"; path = "Target Support Files/Pods-my-sibgu/Pods-my-sibgu.release.xcconfig"; sourceTree = "<group>"; };
		816E241BBA66CAC9F35E0F3F /* Pods_my_sibgu.framework */ = {isa = PBXFileReference; explicitFileType = wrapper.framework; includeInIndex = 0; path = Pods_my_sibgu.framework; sourceTree = BUILT_PRODUCTS_DIR; };
		B5C462AC2B67E96C101876BF /* Pods-my-sibgu.debug.xcconfig */ = {isa = PBXFileReference; includeInIndex = 1; lastKnownFileType = text.xcconfig; name = "Pods-my-sibgu.debug.xcconfig"; path = "Target Support Files/Pods-my-sibgu/Pods-my-sibgu.debug.xcconfig"; sourceTree = "<group>"; };
/* End PBXFileReference section */

/* Begin PBXFrameworksBuildPhase section */
		4A07DD7E255D89020022B6A9 /* Frameworks */ = {
			isa = PBXFrameworksBuildPhase;
			buildActionMask = 2147483647;
			files = (
				3A8079B519B64497324F2163 /* Pods_my_sibgu.framework in Frameworks */,
			);
			runOnlyForDeploymentPostprocessing = 0;
		};
/* End PBXFrameworksBuildPhase section */

/* Begin PBXGroup section */
		4A07DD78255D89020022B6A9 = {
			isa = PBXGroup;
			children = (
				4A07DD83255D89020022B6A9 /* my-sibgu */,
				4A07DD82255D89020022B6A9 /* Products */,
				8202915E8C5B172EB76B9257 /* Pods */,
				A8A48640C5B50D94DE66D6A0 /* Frameworks */,
			);
			sourceTree = "<group>";
		};
		4A07DD82255D89020022B6A9 /* Products */ = {
			isa = PBXGroup;
			children = (
				4A07DD81255D89020022B6A9 /* my-sibgu.app */,
			);
			name = Products;
			sourceTree = "<group>";
		};
		4A07DD83255D89020022B6A9 /* my-sibgu */ = {
			isa = PBXGroup;
			children = (
				4A91D6882573CB3F00EA1E47 /* Common.swift */,
				4A07DD84255D89020022B6A9 /* AppDelegate.swift */,
				4A07DD86255D89020022B6A9 /* SceneDelegate.swift */,
				4A7A56E5256BF4A900E2CE0F /* View Controllers */,
				4A7A56F6256C015F00E2CE0F /* Views */,
				4A07DDDD255DA2F90022B6A9 /* Services */,
				4A07DD99255D8DBF0022B6A9 /* Model */,
				4AEBE6F425639326005F6CBE /* Resourses */,
				4A07DD8A255D89020022B6A9 /* Main.storyboard */,
				4A07DD8D255D89050022B6A9 /* Assets.xcassets */,
				4A07DD8F255D89050022B6A9 /* LaunchScreen.storyboard */,
				4A07DD92255D89050022B6A9 /* Info.plist */,
			);
			path = "my-sibgu";
			sourceTree = "<group>";
		};
		4A07DD99255D8DBF0022B6A9 /* Model */ = {
			isa = PBXGroup;
			children = (
				4A07DDD0255D9FFC0022B6A9 /* Translators */,
				4A07DDAD255D95300022B6A9 /* DataManager */,
				4A07DD9E255D93340022B6A9 /* Models */,
			);
			path = Model;
			sourceTree = "<group>";
		};
		4A07DD9E255D93340022B6A9 /* Models */ = {
			isa = PBXGroup;
			children = (
				4AEBE6D3256376D1005F6CBE /* Info */,
				4AEBE6D2256376C0005F6CBE /* Timetable */,
			);
			path = Models;
			sourceTree = "<group>";
		};
		4A07DDAC255D94E30022B6A9 /* Group */ = {
			isa = PBXGroup;
			children = (
				4A07DDA9255D94AC0022B6A9 /* GroupTimetable.swift */,
				4A07DDA6255D94960022B6A9 /* GroupWeek.swift */,
				4A07DDA3255D94800022B6A9 /* GroupDay.swift */,
				4A07DD9F255D943F0022B6A9 /* GroupLesson.swift */,
			);
			path = Group;
			sourceTree = "<group>";
		};
		4A07DDAD255D95300022B6A9 /* DataManager */ = {
			isa = PBXGroup;
			children = (
				4A07DDB5255D964A0022B6A9 /* Extensions */,
				4A07DDD8255DA0D90022B6A9 /* DataManager.swift */,
				4A07DE03255DA64B0022B6A9 /* UserDefaults */,
				4A07DDAE255D95880022B6A9 /* RModels */,
			);
			path = DataManager;
			sourceTree = "<group>";
		};
		4A07DDAE255D95880022B6A9 /* RModels */ = {
			isa = PBXGroup;
			children = (
				4A07DDBD255D9E990022B6A9 /* Timetable */,
				4A07DDB3255D96090022B6A9 /* Entities */,
			);
			path = RModels;
			sourceTree = "<group>";
		};
		4A07DDB3255D96090022B6A9 /* Entities */ = {
			isa = PBXGroup;
			children = (
				4A07DDAF255D95DE0022B6A9 /* RGroup.swift */,
			);
			path = Entities;
			sourceTree = "<group>";
		};
		4A07DDB5255D964A0022B6A9 /* Extensions */ = {
			isa = PBXGroup;
			children = (
				4A07DDB6255D966A0022B6A9 /* Realm+CascadeDeleting.swift */,
				4A07DDB9255D96B70022B6A9 /* RGroup+newObject.swift */,
			);
			path = Extensions;
			sourceTree = "<group>";
		};
		4A07DDBD255D9E990022B6A9 /* Timetable */ = {
			isa = PBXGroup;
			children = (
				4A07DDBE255D9EA40022B6A9 /* Group */,
			);
			path = Timetable;
			sourceTree = "<group>";
		};
		4A07DDBE255D9EA40022B6A9 /* Group */ = {
			isa = PBXGroup;
			children = (
				4A07DDC4255D9EDF0022B6A9 /* RGroupLesson.swift */,
				4A07DDC7255D9EFD0022B6A9 /* RGroupDay.swift */,
				4A07DDCA255D9F190022B6A9 /* RGroupWeek.swift */,
				4A07DDCD255D9F2B0022B6A9 /* RGroupTimetable.swift */,
			);
			path = Group;
			sourceTree = "<group>";
		};
		4A07DDD0255D9FFC0022B6A9 /* Translators */ = {
			isa = PBXGroup;
			children = (
				4A07DDD1255DA00D0022B6A9 /* Extensions */,
				4A07DDD5255DA08B0022B6A9 /* Translator.swift */,
			);
			path = Translators;
			sourceTree = "<group>";
		};
		4A07DDD1255DA00D0022B6A9 /* Extensions */ = {
			isa = PBXGroup;
			children = (
				4A07DDD2255DA0640022B6A9 /* String+capitalizinFirstLetter.swift */,
			);
			path = Extensions;
			sourceTree = "<group>";
		};
		4A07DDDD255DA2F90022B6A9 /* Services */ = {
			isa = PBXGroup;
			children = (
				4A07DDF4255DA5330022B6A9 /* DownloadOperation.swift */,
				4A3149FE2572CA2000FB7FC2 /* DateTime */,
				4A436414255E859300C11E03 /* Timetable */,
				4A27A864255F08190018186B /* University Info */,
			);
			path = Services;
			sourceTree = "<group>";
		};
		4A07DDDE255DA35D0022B6A9 /* Enums */ = {
			isa = PBXGroup;
			children = (
				4A07DDDF255DA3750022B6A9 /* EntityType.swift */,
			);
			path = Enums;
			sourceTree = "<group>";
		};
		4A07DDE3255DA39A0022B6A9 /* Api Timetable Service */ = {
			isa = PBXGroup;
			children = (
				4A07DDE7255DA4100022B6A9 /* ResponseObjects */,
				4A07DDFC255DA58F0022B6A9 /* ApiTimetableService.swift */,
				4A07DDE4255DA3B70022B6A9 /* ApiTimetable.swift */,
				4A07DDFF255DA5E20022B6A9 /* TimetableResponseHandler.swift */,
			);
			path = "Api Timetable Service";
			sourceTree = "<group>";
		};
		4A07DDE7255DA4100022B6A9 /* ResponseObjects */ = {
			isa = PBXGroup;
			children = (
				4A07DDF1255DA4E10022B6A9 /* ResponseTranslator.swift */,
				4A07DDEF255DA4660022B6A9 /* Group */,
			);
			path = ResponseObjects;
			sourceTree = "<group>";
		};
		4A07DDEF255DA4660022B6A9 /* Group */ = {
			isa = PBXGroup;
			children = (
				4A07DDE8255DA4310022B6A9 /* GroupResponse.swift */,
				4A07DDEC255DA4450022B6A9 /* GroupTimetableResponse.swift */,
			);
			path = Group;
			sourceTree = "<group>";
		};
		4A07DE03255DA64B0022B6A9 /* UserDefaults */ = {
			isa = PBXGroup;
			children = (
				4A07DE04255DA6740022B6A9 /* UserDefaultsWrapper.swift */,
				4A07DE07255DA68E0022B6A9 /* UserDefaultsConfig.swift */,
			);
			path = UserDefaults;
			sourceTree = "<group>";
		};
		4A21AA40257AA0CC00BA203A /* Institutions */ = {
			isa = PBXGroup;
			children = (
				4A21AA41257AA0EF00BA203A /* InstituteTableViewCell.swift */,
				4A54F5642599E6EB00184BC0 /* DepartmentTableViewCell.swift */,
				4A54F5672599EF9000184BC0 /* DepartmentView.swift */,
			);
			path = Institutions;
			sourceTree = "<group>";
		};
		4A238BFE257AC1FE00CB861E /* UIImageView+loadImage */ = {
			isa = PBXGroup;
			children = (
				4A238BFF257AC25100CB861E /* ImageLoader.swift */,
				4A238C02257AC73200CB861E /* UIImageLoader.swift */,
				4A238C05257AC9B500CB861E /* UIImageView+loadImage.swift */,
			);
			path = "UIImageView+loadImage";
			sourceTree = "<group>";
		};
		4A238C0E257B5C4100CB861E /* Institutions */ = {
			isa = PBXGroup;
			children = (
				4A7A56EF256BF57B00E2CE0F /* InstitutionsViewController.swift */,
				4AE343202598DA1700AB368C /* InstitutionPageViewController.swift */,
				4A238C0F257B5C6600CB861E /* PersonViewController.swift */,
				4A54F5612599E69700184BC0 /* DepartmentsViewController.swift */,
			);
			path = Institutions;
			sourceTree = "<group>";
		};
		4A238C14257B74BF00CB861E /* People */ = {
			isa = PBXGroup;
			children = (
			);
			path = People;
			sourceTree = "<group>";
		};
		4A27A85D255EE76A0018186B /* Timetable */ = {
			isa = PBXGroup;
			children = (
				4A5A16442574EECF00F5D652 /* Enums */,
				4A07DDAC255D94E30022B6A9 /* Group */,
			);
			path = Timetable;
			sourceTree = "<group>";
		};
		4A27A85E255EE77D0018186B /* Entities */ = {
			isa = PBXGroup;
			children = (
				4A27A85F255EE79D0018186B /* Group.swift */,
			);
			path = Entities;
			sourceTree = "<group>";
		};
		4A27A864255F08190018186B /* University Info */ = {
			isa = PBXGroup;
			children = (
				4A27A86A255F09230018186B /* UniversityInfoService.swift */,
				4A27A865255F084D0018186B /* Api University Info Service */,
			);
			path = "University Info";
			sourceTree = "<group>";
		};
		4A27A865255F084D0018186B /* Api University Info Service */ = {
			isa = PBXGroup;
			children = (
				4A27A866255F088E0018186B /* ApiUniversityInfo.swift */,
			);
			path = "Api University Info Service";
			sourceTree = "<group>";
		};
		4A3149FE2572CA2000FB7FC2 /* DateTime */ = {
			isa = PBXGroup;
			children = (
				4A91D68F2573D82B00EA1E47 /* Extensions */,
				4A3149FF2572CA5F00FB7FC2 /* DateTimeService.swift */,
			);
			path = DateTime;
			sourceTree = "<group>";
		};
		4A42A5122578F79900283459 /* Protocols */ = {
			isa = PBXGroup;
			children = (
				4A42A50F2578F79300283459 /* ControlTimetableDelegate.swift */,
				4A42A5132578F7BF00283459 /* ShowingTimetableViewController.swift */,
			);
			path = Protocols;
			sourceTree = "<group>";
		};
		4A42A516257944A000283459 /* Buildings */ = {
			isa = PBXGroup;
			children = (
				4A42A517257944D500283459 /* BuildingTableViewCell.swift */,
			);
			path = Buildings;
			sourceTree = "<group>";
		};
		4A436414255E859300C11E03 /* Timetable */ = {
			isa = PBXGroup;
			children = (
				4A436415255E85C400C11E03 /* TimetableService.swift */,
				4A07DDE3255DA39A0022B6A9 /* Api Timetable Service */,
			);
			path = Timetable;
			sourceTree = "<group>";
		};
		4A5A16442574EECF00F5D652 /* Enums */ = {
			isa = PBXGroup;
			children = (
				4A5A16452574EEF100F5D652 /* SubgroupType.swift */,
			);
			path = Enums;
			sourceTree = "<group>";
		};
		4A75819C25755FB1006C1F6C /* General */ = {
			isa = PBXGroup;
			children = (
				4A54F56A259A033600184BC0 /* CopyableLabel.swift */,
				4A75819D25755FBB006C1F6C /* AlertView.swift */,
				4A238C15257B74F700CB861E /* CenterLabelView.swift */,
				4AB0222A257B88A700F1EF25 /* ImageAndLabelView.swift */,
				4AE3431C2598D25100AB368C /* ImageAndLabelButton.swift */,
				4A238C14257B74BF00CB861E /* People */,
			);
			path = General;
			sourceTree = "<group>";
		};
		4A7A56E5256BF4A900E2CE0F /* View Controllers */ = {
			isa = PBXGroup;
			children = (
				4AEE181D2570202200DD7D9F /* Protocols */,
				4AEE181125700B0000DD7D9F /* Extensions */,
				4A7A56E6256BF4F100E2CE0F /* EventsViewController.swift */,
				4A7A56E9256BF52000E2CE0F /* BuildingsViewController.swift */,
				4AEE1801256EB1B600DD7D9F /* Timetable */,
				4A238C0E257B5C4100CB861E /* Institutions */,
				4A7A56F2256BF5BF00E2CE0F /* UnionsViewController.swift */,
			);
			path = "View Controllers";
			sourceTree = "<group>";
		};
		4A7A56F6256C015F00E2CE0F /* Views */ = {
			isa = PBXGroup;
			children = (
				4A7A56F7256C016600E2CE0F /* Extensions */,
				4A75819C25755FB1006C1F6C /* General */,
				4AB027462570FFD900974D08 /* Style */,
				4A42A516257944A000283459 /* Buildings */,
				4AEE1802256EB27C00DD7D9F /* Timetable */,
				4A21AA40257AA0CC00BA203A /* Institutions */,
			);
			path = Views;
			sourceTree = "<group>";
		};
		4A7A56F7256C016600E2CE0F /* Extensions */ = {
			isa = PBXGroup;
			children = (
				4A238BFE257AC1FE00CB861E /* UIImageView+loadImage */,
				4A7A56F8256C017500E2CE0F /* UIView+shadow.swift */,
				4AEE1807256EB48500DD7D9F /* UIStackVIew+removeAllArrangedSubviews.swift */,
				4AEE181A2570116000DD7D9F /* UINavigationItem+configurate.swift */,
				4A314A0A2572DFFF00FB7FC2 /* UIScrollView+scrollTo.swift */,
				4A5A16482574F25D00F5D652 /* UIColor+hex.swift */,
			);
			path = Extensions;
			sourceTree = "<group>";
		};
		4A91D68F2573D82B00EA1E47 /* Extensions */ = {
			isa = PBXGroup;
			children = (
				4A91D68C2573D82700EA1E47 /* Date+Extensions.swift */,
				4A5A164B2574F6DB00F5D652 /* DateFormatter+shortDateFormatter.swift */,
			);
			path = Extensions;
			sourceTree = "<group>";
		};
		4AB027462570FFD900974D08 /* Style */ = {
			isa = PBXGroup;
			children = (
				4AB027472570FFE700974D08 /* Colors.swift */,
			);
			path = Style;
			sourceTree = "<group>";
		};
		4AEBE6D2256376C0005F6CBE /* Timetable */ = {
			isa = PBXGroup;
			children = (
				4A27A85E255EE77D0018186B /* Entities */,
				4A07DDDE255DA35D0022B6A9 /* Enums */,
				4A27A85D255EE76A0018186B /* Timetable */,
			);
			path = Timetable;
			sourceTree = "<group>";
		};
		4AEBE6D3256376D1005F6CBE /* Info */ = {
			isa = PBXGroup;
			children = (
				4AEBE6D425637700005F6CBE /* Building.swift */,
				4AEBE6DE25637977005F6CBE /* Institute.swift */,
				4AEBE6E225637B41005F6CBE /* Institute+Director.swift */,
				4AEBE6E525637B6C005F6CBE /* Institute+Departmetn.swift */,
				4AEBE6E825637BC1005F6CBE /* Institute+Soviet.swift */,
				4AEBE6EB25637BF9005F6CBE /* Union.swift */,
				4AEBE6EE25637DE9005F6CBE /* Event.swift */,
				4AEBE6F125637F7C005F6CBE /* Event+Link.swift */,
			);
			path = Info;
			sourceTree = "<group>";
		};
		4AEBE6F425639326005F6CBE /* Resourses */ = {
			isa = PBXGroup;
			children = (
				4AEBE6F525639388005F6CBE /* union.json */,
			);
			path = Resourses;
			sourceTree = "<group>";
		};
		4AEE1801256EB1B600DD7D9F /* Timetable */ = {
			isa = PBXGroup;
			children = (
				4A42A5122578F79900283459 /* Protocols */,
				4AEE17FD256E97C400DD7D9F /* TimetableSearchViewController.swift */,
				4A5C3EF62576B2DC00E3FFB0 /* ContainerTimetableViewController.swift */,
				4A7A56EC256BF53600E2CE0F /* TimetableViewController.swift */,
				4A314A072572D80700FB7FC2 /* WeekViewController.swift */,
			);
			path = Timetable;
			sourceTree = "<group>";
		};
		4AEE1802256EB27C00DD7D9F /* Timetable */ = {
			isa = PBXGroup;
			children = (
				4AEE180A256EB67B00DD7D9F /* Group */,
				4AEE1803256EB44600DD7D9F /* LessonView.swift */,
				4A3149FB257255AD00FB7FC2 /* LessonDayView.swift */,
			);
			path = Timetable;
			sourceTree = "<group>";
		};
		4AEE180A256EB67B00DD7D9F /* Group */ = {
			isa = PBXGroup;
			children = (
				4AEE180B256EB73100DD7D9F /* GroupSubgroupVIew.swift */,
				4A3149F825724DE300FB7FC2 /* GroupSubgroupView.xib */,
			);
			path = Group;
			sourceTree = "<group>";
		};
		4AEE181125700B0000DD7D9F /* Extensions */ = {
			isa = PBXGroup;
			children = (
				4AEE181225700B1900DD7D9F /* UINavigationController+configurateNavigationBar.swift */,
			);
			path = Extensions;
			sourceTree = "<group>";
		};
		4AEE181D2570202200DD7D9F /* Protocols */ = {
			isa = PBXGroup;
			children = (
				4AEE181E2570203100DD7D9F /* PopableViewController.swift */,
				4A3149F5257249ED00FB7FC2 /* AnimatingNetworkProtocol.swift */,
				4A75819925755DD0006C1F6C /* AlertingViewController.swift */,
			);
			path = Protocols;
			sourceTree = "<group>";
		};
		8202915E8C5B172EB76B9257 /* Pods */ = {
			isa = PBXGroup;
			children = (
				B5C462AC2B67E96C101876BF /* Pods-my-sibgu.debug.xcconfig */,
				4D2AB9E38A8574D012B056D5 /* Pods-my-sibgu.release.xcconfig */,
			);
			path = Pods;
			sourceTree = "<group>";
		};
		A8A48640C5B50D94DE66D6A0 /* Frameworks */ = {
			isa = PBXGroup;
			children = (
				816E241BBA66CAC9F35E0F3F /* Pods_my_sibgu.framework */,
			);
			name = Frameworks;
			sourceTree = "<group>";
		};
/* End PBXGroup section */

/* Begin PBXNativeTarget section */
		4A07DD80255D89020022B6A9 /* my-sibgu */ = {
			isa = PBXNativeTarget;
			buildConfigurationList = 4A07DD95255D89050022B6A9 /* Build configuration list for PBXNativeTarget "my-sibgu" */;
			buildPhases = (
				3FD5B8D82E2328FEDAEF97D6 /* [CP] Check Pods Manifest.lock */,
				4A07DD7D255D89020022B6A9 /* Sources */,
				4A07DD7E255D89020022B6A9 /* Frameworks */,
				4A07DD7F255D89020022B6A9 /* Resources */,
				B067CA601966469DB6B819D8 /* [CP] Embed Pods Frameworks */,
			);
			buildRules = (
			);
			dependencies = (
			);
			name = "my-sibgu";
			productName = "my-sibgu";
			productReference = 4A07DD81255D89020022B6A9 /* my-sibgu.app */;
			productType = "com.apple.product-type.application";
		};
/* End PBXNativeTarget section */

/* Begin PBXProject section */
		4A07DD79255D89020022B6A9 /* Project object */ = {
			isa = PBXProject;
			attributes = {
				LastSwiftUpdateCheck = 1210;
				LastUpgradeCheck = 1210;
				TargetAttributes = {
					4A07DD80255D89020022B6A9 = {
						CreatedOnToolsVersion = 12.1;
					};
				};
			};
			buildConfigurationList = 4A07DD7C255D89020022B6A9 /* Build configuration list for PBXProject "my-sibgu" */;
			compatibilityVersion = "Xcode 9.3";
			developmentRegion = en;
			hasScannedForEncodings = 0;
			knownRegions = (
				en,
				Base,
			);
			mainGroup = 4A07DD78255D89020022B6A9;
			productRefGroup = 4A07DD82255D89020022B6A9 /* Products */;
			projectDirPath = "";
			projectRoot = "";
			targets = (
				4A07DD80255D89020022B6A9 /* my-sibgu */,
			);
		};
/* End PBXProject section */

/* Begin PBXResourcesBuildPhase section */
		4A07DD7F255D89020022B6A9 /* Resources */ = {
			isa = PBXResourcesBuildPhase;
			buildActionMask = 2147483647;
			files = (
				4A07DD91255D89050022B6A9 /* LaunchScreen.storyboard in Resources */,
				4A07DD8E255D89050022B6A9 /* Assets.xcassets in Resources */,
				4A07DD8C255D89020022B6A9 /* Main.storyboard in Resources */,
				4A3149F925724DE300FB7FC2 /* GroupSubgroupView.xib in Resources */,
				4AEBE6F625639388005F6CBE /* union.json in Resources */,
			);
			runOnlyForDeploymentPostprocessing = 0;
		};
/* End PBXResourcesBuildPhase section */

/* Begin PBXShellScriptBuildPhase section */
		3FD5B8D82E2328FEDAEF97D6 /* [CP] Check Pods Manifest.lock */ = {
			isa = PBXShellScriptBuildPhase;
			buildActionMask = 2147483647;
			files = (
			);
			inputFileListPaths = (
			);
			inputPaths = (
				"${PODS_PODFILE_DIR_PATH}/Podfile.lock",
				"${PODS_ROOT}/Manifest.lock",
			);
			name = "[CP] Check Pods Manifest.lock";
			outputFileListPaths = (
			);
			outputPaths = (
				"$(DERIVED_FILE_DIR)/Pods-my-sibgu-checkManifestLockResult.txt",
			);
			runOnlyForDeploymentPostprocessing = 0;
			shellPath = /bin/sh;
			shellScript = "diff \"${PODS_PODFILE_DIR_PATH}/Podfile.lock\" \"${PODS_ROOT}/Manifest.lock\" > /dev/null\nif [ $? != 0 ] ; then\n    # print error to STDERR\n    echo \"error: The sandbox is not in sync with the Podfile.lock. Run 'pod install' or update your CocoaPods installation.\" >&2\n    exit 1\nfi\n# This output is used by Xcode 'outputs' to avoid re-running this script phase.\necho \"SUCCESS\" > \"${SCRIPT_OUTPUT_FILE_0}\"\n";
			showEnvVarsInLog = 0;
		};
		B067CA601966469DB6B819D8 /* [CP] Embed Pods Frameworks */ = {
			isa = PBXShellScriptBuildPhase;
			buildActionMask = 2147483647;
			files = (
			);
			inputFileListPaths = (
				"${PODS_ROOT}/Target Support Files/Pods-my-sibgu/Pods-my-sibgu-frameworks-${CONFIGURATION}-input-files.xcfilelist",
			);
			name = "[CP] Embed Pods Frameworks";
			outputFileListPaths = (
				"${PODS_ROOT}/Target Support Files/Pods-my-sibgu/Pods-my-sibgu-frameworks-${CONFIGURATION}-output-files.xcfilelist",
			);
			runOnlyForDeploymentPostprocessing = 0;
			shellPath = /bin/sh;
			shellScript = "\"${PODS_ROOT}/Target Support Files/Pods-my-sibgu/Pods-my-sibgu-frameworks.sh\"\n";
			showEnvVarsInLog = 0;
		};
/* End PBXShellScriptBuildPhase section */

/* Begin PBXSourcesBuildPhase section */
		4A07DD7D255D89020022B6A9 /* Sources */ = {
			isa = PBXSourcesBuildPhase;
			buildActionMask = 2147483647;
			files = (
				4A07DDED255DA4450022B6A9 /* GroupTimetableResponse.swift in Sources */,
				4A07DDE5255DA3B70022B6A9 /* ApiTimetable.swift in Sources */,
				4AEE1804256EB44600DD7D9F /* LessonView.swift in Sources */,
				4AEE181325700B1900DD7D9F /* UINavigationController+configurateNavigationBar.swift in Sources */,
				4A07DE00255DA5E20022B6A9 /* TimetableResponseHandler.swift in Sources */,
				4A07DDE9255DA4310022B6A9 /* GroupResponse.swift in Sources */,
				4A42A5102578F79300283459 /* ControlTimetableDelegate.swift in Sources */,
				4A7A56F9256C017500E2CE0F /* UIView+shadow.swift in Sources */,
				4AEBE6DF25637977005F6CBE /* Institute.swift in Sources */,
				4AEE181F2570203100DD7D9F /* PopableViewController.swift in Sources */,
				4AEBE6EF25637DE9005F6CBE /* Event.swift in Sources */,
				4AEBE6F225637F7C005F6CBE /* Event+Link.swift in Sources */,
				4AEBE6E625637B6C005F6CBE /* Institute+Departmetn.swift in Sources */,
				4A42A518257944D500283459 /* BuildingTableViewCell.swift in Sources */,
				4A7A56E7256BF4F100E2CE0F /* EventsViewController.swift in Sources */,
				4AB0222B257B88A700F1EF25 /* ImageAndLabelView.swift in Sources */,
				4AE343212598DA1700AB368C /* InstitutionPageViewController.swift in Sources */,
				4A5A16462574EEF100F5D652 /* SubgroupType.swift in Sources */,
				4A5C3EF72576B2DC00E3FFB0 /* ContainerTimetableViewController.swift in Sources */,
				4A07DDB7255D966A0022B6A9 /* Realm+CascadeDeleting.swift in Sources */,
				4A238C10257B5C6600CB861E /* PersonViewController.swift in Sources */,
				4A07DDCE255D9F2B0022B6A9 /* RGroupTimetable.swift in Sources */,
				4AB027482570FFE700974D08 /* Colors.swift in Sources */,
				4A5A16492574F25D00F5D652 /* UIColor+hex.swift in Sources */,
				4A07DDD3255DA0640022B6A9 /* String+capitalizinFirstLetter.swift in Sources */,
				4A07DE08255DA68E0022B6A9 /* UserDefaultsConfig.swift in Sources */,
				4AEBE6E925637BC1005F6CBE /* Institute+Soviet.swift in Sources */,
				4A436416255E85C400C11E03 /* TimetableService.swift in Sources */,
				4A42A5142578F7BF00283459 /* ShowingTimetableViewController.swift in Sources */,
				4A314A0B2572DFFF00FB7FC2 /* UIScrollView+scrollTo.swift in Sources */,
				4A07DDA7255D94960022B6A9 /* GroupWeek.swift in Sources */,
				4A07DDD6255DA08B0022B6A9 /* Translator.swift in Sources */,
				4A238C03257AC73200CB861E /* UIImageLoader.swift in Sources */,
				4A07DDE0255DA3750022B6A9 /* EntityType.swift in Sources */,
				4AEE181B2570116000DD7D9F /* UINavigationItem+configurate.swift in Sources */,
				4A27A86B255F09230018186B /* UniversityInfoService.swift in Sources */,
				4A91D6892573CB3F00EA1E47 /* Common.swift in Sources */,
				4A7A56F3256BF5BF00E2CE0F /* UnionsViewController.swift in Sources */,
				4A5A164C2574F6DB00F5D652 /* DateFormatter+shortDateFormatter.swift in Sources */,
				4A07DDC8255D9EFD0022B6A9 /* RGroupDay.swift in Sources */,
				4A54F5652599E6EB00184BC0 /* DepartmentTableViewCell.swift in Sources */,
				4A54F5622599E69700184BC0 /* DepartmentsViewController.swift in Sources */,
				4A07DDA4255D94800022B6A9 /* GroupDay.swift in Sources */,
				4A07DDA0255D943F0022B6A9 /* GroupLesson.swift in Sources */,
				4A238C06257AC9B500CB861E /* UIImageView+loadImage.swift in Sources */,
				4A238C16257B74F700CB861E /* CenterLabelView.swift in Sources */,
				4A54F5682599EF9000184BC0 /* DepartmentView.swift in Sources */,
				4A07DDD9255DA0D90022B6A9 /* DataManager.swift in Sources */,
				4A7A56EA256BF52000E2CE0F /* BuildingsViewController.swift in Sources */,
				4A07DDFD255DA58F0022B6A9 /* ApiTimetableService.swift in Sources */,
				4A07DDF5255DA5330022B6A9 /* DownloadOperation.swift in Sources */,
				4A238C00257AC25100CB861E /* ImageLoader.swift in Sources */,
				4AEBE6E325637B41005F6CBE /* Institute+Director.swift in Sources */,
				4A54F56B259A033600184BC0 /* CopyableLabel.swift in Sources */,
				4A7A56ED256BF53600E2CE0F /* TimetableViewController.swift in Sources */,
				4A314A082572D80700FB7FC2 /* WeekViewController.swift in Sources */,
				4A91D68D2573D82700EA1E47 /* Date+Extensions.swift in Sources */,
				4A21AA42257AA0EF00BA203A /* InstituteTableViewCell.swift in Sources */,
				4A27A867255F088E0018186B /* ApiUniversityInfo.swift in Sources */,
				4A75819A25755DD0006C1F6C /* AlertingViewController.swift in Sources */,
				4A07DD85255D89020022B6A9 /* AppDelegate.swift in Sources */,
				4A314A002572CA5F00FB7FC2 /* DateTimeService.swift in Sources */,
				4A07DDBA255D96B70022B6A9 /* RGroup+newObject.swift in Sources */,
				4AEE1808256EB48500DD7D9F /* UIStackVIew+removeAllArrangedSubviews.swift in Sources */,
				4AEBE6D525637700005F6CBE /* Building.swift in Sources */,
				4A3149FC257255AD00FB7FC2 /* LessonDayView.swift in Sources */,
				4AEE180C256EB73100DD7D9F /* GroupSubgroupVIew.swift in Sources */,
				4A07DDF2255DA4E10022B6A9 /* ResponseTranslator.swift in Sources */,
				4A3149F6257249ED00FB7FC2 /* AnimatingNetworkProtocol.swift in Sources */,
				4A27A860255EE79D0018186B /* Group.swift in Sources */,
				4A07DDAA255D94AD0022B6A9 /* GroupTimetable.swift in Sources */,
				4A07DDCB255D9F190022B6A9 /* RGroupWeek.swift in Sources */,
				4A07DDB0255D95DE0022B6A9 /* RGroup.swift in Sources */,
				4AEE17FE256E97C400DD7D9F /* TimetableSearchViewController.swift in Sources */,
				4A7A56F0256BF57B00E2CE0F /* InstitutionsViewController.swift in Sources */,
				4A75819E25755FBB006C1F6C /* AlertView.swift in Sources */,
				4A07DDC5255D9EDF0022B6A9 /* RGroupLesson.swift in Sources */,
				4A07DE05255DA6740022B6A9 /* UserDefaultsWrapper.swift in Sources */,
				4A07DD87255D89020022B6A9 /* SceneDelegate.swift in Sources */,
				4AE3431D2598D25100AB368C /* ImageAndLabelButton.swift in Sources */,
				4AEBE6EC25637BF9005F6CBE /* Union.swift in Sources */,
			);
			runOnlyForDeploymentPostprocessing = 0;
		};
/* End PBXSourcesBuildPhase section */

/* Begin PBXVariantGroup section */
		4A07DD8A255D89020022B6A9 /* Main.storyboard */ = {
			isa = PBXVariantGroup;
			children = (
				4A07DD8B255D89020022B6A9 /* Base */,
			);
			name = Main.storyboard;
			sourceTree = "<group>";
		};
		4A07DD8F255D89050022B6A9 /* LaunchScreen.storyboard */ = {
			isa = PBXVariantGroup;
			children = (
				4A07DD90255D89050022B6A9 /* Base */,
			);
			name = LaunchScreen.storyboard;
			sourceTree = "<group>";
		};
/* End PBXVariantGroup section */

/* Begin XCBuildConfiguration section */
		4A07DD93255D89050022B6A9 /* Debug */ = {
			isa = XCBuildConfiguration;
			buildSettings = {
				ALWAYS_SEARCH_USER_PATHS = NO;
				CLANG_ANALYZER_NONNULL = YES;
				CLANG_ANALYZER_NUMBER_OBJECT_CONVERSION = YES_AGGRESSIVE;
				CLANG_CXX_LANGUAGE_STANDARD = "gnu++14";
				CLANG_CXX_LIBRARY = "libc++";
				CLANG_ENABLE_MODULES = YES;
				CLANG_ENABLE_OBJC_ARC = YES;
				CLANG_ENABLE_OBJC_WEAK = YES;
				CLANG_WARN_BLOCK_CAPTURE_AUTORELEASING = YES;
				CLANG_WARN_BOOL_CONVERSION = YES;
				CLANG_WARN_COMMA = YES;
				CLANG_WARN_CONSTANT_CONVERSION = YES;
				CLANG_WARN_DEPRECATED_OBJC_IMPLEMENTATIONS = YES;
				CLANG_WARN_DIRECT_OBJC_ISA_USAGE = YES_ERROR;
				CLANG_WARN_DOCUMENTATION_COMMENTS = YES;
				CLANG_WARN_EMPTY_BODY = YES;
				CLANG_WARN_ENUM_CONVERSION = YES;
				CLANG_WARN_INFINITE_RECURSION = YES;
				CLANG_WARN_INT_CONVERSION = YES;
				CLANG_WARN_NON_LITERAL_NULL_CONVERSION = YES;
				CLANG_WARN_OBJC_IMPLICIT_RETAIN_SELF = YES;
				CLANG_WARN_OBJC_LITERAL_CONVERSION = YES;
				CLANG_WARN_OBJC_ROOT_CLASS = YES_ERROR;
				CLANG_WARN_QUOTED_INCLUDE_IN_FRAMEWORK_HEADER = YES;
				CLANG_WARN_RANGE_LOOP_ANALYSIS = YES;
				CLANG_WARN_STRICT_PROTOTYPES = YES;
				CLANG_WARN_SUSPICIOUS_MOVE = YES;
				CLANG_WARN_UNGUARDED_AVAILABILITY = YES_AGGRESSIVE;
				CLANG_WARN_UNREACHABLE_CODE = YES;
				CLANG_WARN__DUPLICATE_METHOD_MATCH = YES;
				COPY_PHASE_STRIP = NO;
				DEBUG_INFORMATION_FORMAT = dwarf;
				ENABLE_STRICT_OBJC_MSGSEND = YES;
				ENABLE_TESTABILITY = YES;
				GCC_C_LANGUAGE_STANDARD = gnu11;
				GCC_DYNAMIC_NO_PIC = NO;
				GCC_NO_COMMON_BLOCKS = YES;
				GCC_OPTIMIZATION_LEVEL = 0;
				GCC_PREPROCESSOR_DEFINITIONS = (
					"DEBUG=1",
					"$(inherited)",
				);
				GCC_WARN_64_TO_32_BIT_CONVERSION = YES;
				GCC_WARN_ABOUT_RETURN_TYPE = YES_ERROR;
				GCC_WARN_UNDECLARED_SELECTOR = YES;
				GCC_WARN_UNINITIALIZED_AUTOS = YES_AGGRESSIVE;
				GCC_WARN_UNUSED_FUNCTION = YES;
				GCC_WARN_UNUSED_VARIABLE = YES;
				IPHONEOS_DEPLOYMENT_TARGET = 13.0;
				MTL_ENABLE_DEBUG_INFO = INCLUDE_SOURCE;
				MTL_FAST_MATH = YES;
				ONLY_ACTIVE_ARCH = YES;
				SDKROOT = iphoneos;
				SWIFT_ACTIVE_COMPILATION_CONDITIONS = DEBUG;
				SWIFT_OPTIMIZATION_LEVEL = "-Onone";
			};
			name = Debug;
		};
		4A07DD94255D89050022B6A9 /* Release */ = {
			isa = XCBuildConfiguration;
			buildSettings = {
				ALWAYS_SEARCH_USER_PATHS = NO;
				CLANG_ANALYZER_NONNULL = YES;
				CLANG_ANALYZER_NUMBER_OBJECT_CONVERSION = YES_AGGRESSIVE;
				CLANG_CXX_LANGUAGE_STANDARD = "gnu++14";
				CLANG_CXX_LIBRARY = "libc++";
				CLANG_ENABLE_MODULES = YES;
				CLANG_ENABLE_OBJC_ARC = YES;
				CLANG_ENABLE_OBJC_WEAK = YES;
				CLANG_WARN_BLOCK_CAPTURE_AUTORELEASING = YES;
				CLANG_WARN_BOOL_CONVERSION = YES;
				CLANG_WARN_COMMA = YES;
				CLANG_WARN_CONSTANT_CONVERSION = YES;
				CLANG_WARN_DEPRECATED_OBJC_IMPLEMENTATIONS = YES;
				CLANG_WARN_DIRECT_OBJC_ISA_USAGE = YES_ERROR;
				CLANG_WARN_DOCUMENTATION_COMMENTS = YES;
				CLANG_WARN_EMPTY_BODY = YES;
				CLANG_WARN_ENUM_CONVERSION = YES;
				CLANG_WARN_INFINITE_RECURSION = YES;
				CLANG_WARN_INT_CONVERSION = YES;
				CLANG_WARN_NON_LITERAL_NULL_CONVERSION = YES;
				CLANG_WARN_OBJC_IMPLICIT_RETAIN_SELF = YES;
				CLANG_WARN_OBJC_LITERAL_CONVERSION = YES;
				CLANG_WARN_OBJC_ROOT_CLASS = YES_ERROR;
				CLANG_WARN_QUOTED_INCLUDE_IN_FRAMEWORK_HEADER = YES;
				CLANG_WARN_RANGE_LOOP_ANALYSIS = YES;
				CLANG_WARN_STRICT_PROTOTYPES = YES;
				CLANG_WARN_SUSPICIOUS_MOVE = YES;
				CLANG_WARN_UNGUARDED_AVAILABILITY = YES_AGGRESSIVE;
				CLANG_WARN_UNREACHABLE_CODE = YES;
				CLANG_WARN__DUPLICATE_METHOD_MATCH = YES;
				COPY_PHASE_STRIP = NO;
				DEBUG_INFORMATION_FORMAT = "dwarf-with-dsym";
				ENABLE_NS_ASSERTIONS = NO;
				ENABLE_STRICT_OBJC_MSGSEND = YES;
				GCC_C_LANGUAGE_STANDARD = gnu11;
				GCC_NO_COMMON_BLOCKS = YES;
				GCC_WARN_64_TO_32_BIT_CONVERSION = YES;
				GCC_WARN_ABOUT_RETURN_TYPE = YES_ERROR;
				GCC_WARN_UNDECLARED_SELECTOR = YES;
				GCC_WARN_UNINITIALIZED_AUTOS = YES_AGGRESSIVE;
				GCC_WARN_UNUSED_FUNCTION = YES;
				GCC_WARN_UNUSED_VARIABLE = YES;
				IPHONEOS_DEPLOYMENT_TARGET = 13.0;
				MTL_ENABLE_DEBUG_INFO = NO;
				MTL_FAST_MATH = YES;
				SDKROOT = iphoneos;
				SWIFT_COMPILATION_MODE = wholemodule;
				SWIFT_OPTIMIZATION_LEVEL = "-O";
				VALIDATE_PRODUCT = YES;
			};
			name = Release;
		};
		4A07DD96255D89050022B6A9 /* Debug */ = {
			isa = XCBuildConfiguration;
			baseConfigurationReference = B5C462AC2B67E96C101876BF /* Pods-my-sibgu.debug.xcconfig */;
			buildSettings = {
				ASSETCATALOG_COMPILER_APPICON_NAME = AppIcon;
				ASSETCATALOG_COMPILER_GLOBAL_ACCENT_COLOR_NAME = AccentColor;
				CODE_SIGN_STYLE = Automatic;
				DEVELOPMENT_TEAM = HM9WL9QKWM;
				INFOPLIST_FILE = "my-sibgu/Info.plist";
				LD_RUNPATH_SEARCH_PATHS = (
					"$(inherited)",
					"@executable_path/Frameworks",
				);
				PRODUCT_BUNDLE_IDENTIFIER = "com.art-off.my-sibgu";
				PRODUCT_NAME = "$(TARGET_NAME)";
				SWIFT_VERSION = 5.0;
				TARGETED_DEVICE_FAMILY = "1,2";
			};
			name = Debug;
		};
		4A07DD97255D89050022B6A9 /* Release */ = {
			isa = XCBuildConfiguration;
			baseConfigurationReference = 4D2AB9E38A8574D012B056D5 /* Pods-my-sibgu.release.xcconfig */;
			buildSettings = {
				ASSETCATALOG_COMPILER_APPICON_NAME = AppIcon;
				ASSETCATALOG_COMPILER_GLOBAL_ACCENT_COLOR_NAME = AccentColor;
				CODE_SIGN_STYLE = Automatic;
				DEVELOPMENT_TEAM = HM9WL9QKWM;
				INFOPLIST_FILE = "my-sibgu/Info.plist";
				LD_RUNPATH_SEARCH_PATHS = (
					"$(inherited)",
					"@executable_path/Frameworks",
				);
				PRODUCT_BUNDLE_IDENTIFIER = "com.art-off.my-sibgu";
				PRODUCT_NAME = "$(TARGET_NAME)";
				SWIFT_VERSION = 5.0;
				TARGETED_DEVICE_FAMILY = "1,2";
			};
			name = Release;
		};
/* End XCBuildConfiguration section */

/* Begin XCConfigurationList section */
		4A07DD7C255D89020022B6A9 /* Build configuration list for PBXProject "my-sibgu" */ = {
			isa = XCConfigurationList;
			buildConfigurations = (
				4A07DD93255D89050022B6A9 /* Debug */,
				4A07DD94255D89050022B6A9 /* Release */,
			);
			defaultConfigurationIsVisible = 0;
			defaultConfigurationName = Release;
		};
		4A07DD95255D89050022B6A9 /* Build configuration list for PBXNativeTarget "my-sibgu" */ = {
			isa = XCConfigurationList;
			buildConfigurations = (
				4A07DD96255D89050022B6A9 /* Debug */,
				4A07DD97255D89050022B6A9 /* Release */,
			);
			defaultConfigurationIsVisible = 0;
			defaultConfigurationName = Release;
		};
/* End XCConfigurationList section */
	};
	rootObject = 4A07DD79255D89020022B6A9 /* Project object */;
}
